
Microsoft Visual Studio Solution File, Format Version 12.00
# Visual Studio Version 16
VisualStudioVersion = 16.0.30804.86
MinimumVisualStudioVersion = 10.0.40219.1
Project("{FAE04EC0-301F-11D3-BF4B-00C04F79EFBC}") = "ThreadDemo", "ThreadDemo\ThreadDemo.csproj", "{9BA24808-EB82-46A8-9CA9-F12BCB6E559D}"
EndProject
Global
	GlobalSection(SolutionConfigurationPlatforms) = preSolution
		Debug|Any CPU = Debug|Any CPU
		Release|Any CPU = Release|Any CPU
	EndGlobalSection
	GlobalSection(ProjectConfigurationPlatforms) = postSolution
		{9BA24808-EB82-46A8-9CA9-F12BCB6E559D}.Debug|Any CPU.ActiveCfg = Debug|Any CPU
		{9BA24808-EB82-46A8-9CA9-F12BCB6E559D}.Debug|Any CPU.Build.0 = Debug|Any CPU
		{9BA24808-EB82-46A8-9CA9-F12BCB6E559D}.Release|Any CPU.ActiveCfg = Release|Any CPU
		{9BA24808-EB82-46A8-9CA9-F12BCB6E559D}.Release|Any CPU.Build.0 = Release|Any CPU
	EndGlobalSection
	GlobalSection(SolutionProperties) = preSolution
		HideSolutionNode = FALSE
	EndGlobalSection
	GlobalSection(ExtensibilityGlobals) = postSolution
		SolutionGuid = {30112249-3C99-4621-9756-C252B1A1AE56}
	EndGlobalSection
EndGlobal
